
Microsoft Visual Studio Solution File, Format Version 12.00
# Visual Studio Version 17
VisualStudioVersion = 17.8.34408.163
MinimumVisualStudioVersion = 10.0.40219.1
Project("{FAE04EC0-301F-11D3-BF4B-00C04F79EFBC}") = "BlazorApp1", "BlazorApp1\BlazorApp1\BlazorApp1.csproj", "{E0BCE04B-E2D8-4988-AEEE-597FD1D8F9B0}"
EndProject
Project("{FAE04EC0-301F-11D3-BF4B-00C04F79EFBC}") = "BlazorApp1.Client", "BlazorApp1\BlazorApp1.Client\BlazorApp1.Client.csproj", "{BD925925-4AFE-40A4-BE8B-1CD22086BE08}"
EndProject
Project("{FAE04EC0-301F-11D3-BF4B-00C04F79EFBC}") = "ClassLibrary1", "ClassLibrary1\ClassLibrary1.csproj", "{C91F888D-C731-41E9-B501-2D155A46E220}"
EndProject
Global
	GlobalSection(SolutionConfigurationPlatforms) = preSolution
		Debug|Any CPU = Debug|Any CPU
		Release|Any CPU = Release|Any CPU
	EndGlobalSection
	GlobalSection(ProjectConfigurationPlatforms) = postSolution
		{E0BCE04B-E2D8-4988-AEEE-597FD1D8F9B0}.Debug|Any CPU.ActiveCfg = Debug|Any CPU
		{E0BCE04B-E2D8-4988-AEEE-597FD1D8F9B0}.Debug|Any CPU.Build.0 = Debug|Any CPU
		{E0BCE04B-E2D8-4988-AEEE-597FD1D8F9B0}.Release|Any CPU.ActiveCfg = Release|Any CPU
		{E0BCE04B-E2D8-4988-AEEE-597FD1D8F9B0}.Release|Any CPU.Build.0 = Release|Any CPU
		{BD925925-4AFE-40A4-BE8B-1CD22086BE08}.Debug|Any CPU.ActiveCfg = Debug|Any CPU
		{BD925925-4AFE-40A4-BE8B-1CD22086BE08}.Debug|Any CPU.Build.0 = Debug|Any CPU
		{BD925925-4AFE-40A4-BE8B-1CD22086BE08}.Release|Any CPU.ActiveCfg = Release|Any CPU
		{BD925925-4AFE-40A4-BE8B-1CD22086BE08}.Release|Any CPU.Build.0 = Release|Any CPU
		{C91F888D-C731-41E9-B501-2D155A46E220}.Debug|Any CPU.ActiveCfg = Debug|Any CPU
		{C91F888D-C731-41E9-B501-2D155A46E220}.Debug|Any CPU.Build.0 = Debug|Any CPU
		{C91F888D-C731-41E9-B501-2D155A46E220}.Release|Any CPU.ActiveCfg = Release|Any CPU
		{C91F888D-C731-41E9-B501-2D155A46E220}.Release|Any CPU.Build.0 = Release|Any CPU
	EndGlobalSection
	GlobalSection(SolutionProperties) = preSolution
		HideSolutionNode = FALSE
	EndGlobalSection
	GlobalSection(ExtensibilityGlobals) = postSolution
		SolutionGuid = {4C05AC61-86D9-4586-8406-72FECBECAB6D}
	EndGlobalSection
EndGlobal
